{
  "name": "lit-ssr-examples",
  "lockfileVersion": 2,
  "requires": true,
  "packages": {
    "": {
      "name": "lit-ssr-examples",
      "dependencies": {
        "@lit-labs/context": "npm:@ponomarevlad/lit-labs-context@0.3.3-merge-4",
        "@lit-labs/ssr": "npm:@ponomarevlad/lit-labs-ssr@3.1.5-merge-4",
        "lit": "npm:@ponomarevlad/lit@2.8.0-merge-4"
      },
      "devDependencies": {
        "@web-types/lit": "^2.0.0-3"
      }
    },
    "node_modules/@lit-labs/context": {
      "name": "@ponomarevlad/lit-labs-context",
      "version": "0.3.3-merge-4",
      "resolved": "https://registry.npmjs.org/@ponomarevlad/lit-labs-context/-/lit-labs-context-0.3.3-merge-4.tgz",
      "integrity": "sha512-S53Zbo6zk8ryAeVhVZw/shSqyQGpH3s73T68fRgC1jUA3AYr/RX2ITK+kOIdoqJq6v/97BbeaxgKdaVJG0y0jg==",
      "dependencies": {
        "@lit-labs/ssr-dom-shim": "^1.0.0",
        "@lit/reactive-element": "^1.5.0",
        "lit": "^2.7.0"
      }
    },
    "node_modules/@lit-labs/ssr": {
      "name": "@ponomarevlad/lit-labs-ssr",
      "version": "3.1.5-merge-4",
      "resolved": "https://registry.npmjs.org/@ponomarevlad/lit-labs-ssr/-/lit-labs-ssr-3.1.5-merge-4.tgz",
      "integrity": "sha512-WVQJ/ppXOqXgEYGbZXZyubMpBSU2da5dQlStJ47u//T7WGhs4LJhRkSHluOFblA+Hf2IvuItFpnhSXn+0T2eyQ==",
      "dependencies": {
        "@lit-labs/ssr-client": "^1.1.0",
        "@lit-labs/ssr-dom-shim": "^1.1.0",
        "@lit/reactive-element": "^1.6.0",
        "@parse5/tools": "^0.1.0",
        "@types/node": "^16.0.0",
        "enhanced-resolve": "^5.10.0",
        "lit": "^2.7.0",
        "lit-element": "^3.3.0",
        "lit-html": "^2.7.0",
        "node-fetch": "^3.2.8",
        "parse5": "^7.1.1"
      },
      "engines": {
        "node": ">=13.9.0"
      }
    },
    "node_modules/@lit-labs/ssr-client": {
      "name": "@ponomarevlad/lit-labs-ssr-client",
      "version": "1.1.3-merge-4",
      "resolved": "https://registry.npmjs.org/@ponomarevlad/lit-labs-ssr-client/-/lit-labs-ssr-client-1.1.3-merge-4.tgz",
      "integrity": "sha512-ElQ2uirYLWIK0e4AmqoXyFtfGt405uz1o+KZDhDvOhtPa1BaReRP9KDRrzdLn34B3PfCGwF+O5j/KCmTLQQn7w==",
      "dependencies": {
        "@lit/reactive-element": "^1.0.0",
        "lit": "^2.8.0",
        "lit-html": "^2.8.0"
      }
    },
    "node_modules/@lit-labs/ssr-dom-shim": {
      "name": "@ponomarevlad/lit-labs-ssr-dom-shim",
      "version": "1.1.1-merge-4",
      "resolved": "https://registry.npmjs.org/@ponomarevlad/lit-labs-ssr-dom-shim/-/lit-labs-ssr-dom-shim-1.1.1-merge-4.tgz",
      "integrity": "sha512-XFHMZ7kRTcfdnxjvxALGaBC5gjbb+O7Y2DHAcSCIrOZLV6DFZrFIwwkCZE0b82fLNcnkOXdXBZ1aZVWXij0b5Q=="
    },
    "node_modules/@lit/reactive-element": {
      "name": "@ponomarevlad/reactive-element",
      "version": "1.6.3-merge-4",
      "resolved": "https://registry.npmjs.org/@ponomarevlad/reactive-element/-/reactive-element-1.6.3-merge-4.tgz",
      "integrity": "sha512-O430/jbAGOmDfyFU56pKJqvbU/k4BJoivW4WfR/SsV+Zl+wTJmjNwUFvlLUVFybdmhWbb6Hl4qjrDJKWJgVWaA==",
      "dependencies": {
        "@lit-labs/ssr-dom-shim": "^1.0.0"
      }
    },
    "node_modules/@parse5/tools": {
      "version": "0.1.0",
      "resolved": "https://registry.npmjs.org/@parse5/tools/-/tools-0.1.0.tgz",
      "integrity": "sha512-VB9+4BsFoS+4HdB/Ph9jD4FHQt7GyiWESVNfBSh8Eu54LujWyy+NySGLjg8GZFWSZcESG72F67LjgmKZDZCvPg==",
      "dependencies": {
        "parse5": "^7.0.0"
      }
    },
    "node_modules/@types/node": {
      "version": "16.18.40",
      "resolved": "https://registry.npmjs.org/@types/node/-/node-16.18.40.tgz",
      "integrity": "sha512-+yno3ItTEwGxXiS/75Q/aHaa5srkpnJaH+kdkTVJ3DtJEwv92itpKbxU+FjPoh2m/5G9zmUQfrL4A4C13c+iGA=="
    },
    "node_modules/@types/trusted-types": {
      "version": "2.0.3",
      "resolved": "https://registry.npmjs.org/@types/trusted-types/-/trusted-types-2.0.3.tgz",
      "integrity": "sha512-NfQ4gyz38SL8sDNrSixxU2Os1a5xcdFxipAFxYEuLUlvU2uDwS4NUpsImcf1//SlWItCVMMLiylsxbmNMToV/g=="
    },
    "node_modules/@web-types/lit": {
      "version": "2.0.0-3",
      "resolved": "https://registry.npmjs.org/@web-types/lit/-/lit-2.0.0-3.tgz",
      "integrity": "sha512-vZG6zfQ8+gM5Qsv0D5k9X8f/cBqk3y8qhgy0y5g+or+hi3PH6UNNMBMd6QRrlBZUoXCXR/cpVvfPTDj9w5FlwQ==",
      "dev": true
    },
    "node_modules/data-uri-to-buffer": {
      "version": "4.0.1",
      "resolved": "https://registry.npmjs.org/data-uri-to-buffer/-/data-uri-to-buffer-4.0.1.tgz",
      "integrity": "sha512-0R9ikRb668HB7QDxT1vkpuUBtqc53YyAwMwGeUFKRojY/NWKvdZ+9UYtRfGmhqNbRkTSVpMbmyhXipFFv2cb/A==",
      "engines": {
        "node": ">= 12"
      }
    },
    "node_modules/enhanced-resolve": {
      "version": "5.15.0",
      "resolved": "https://registry.npmjs.org/enhanced-resolve/-/enhanced-resolve-5.15.0.tgz",
      "integrity": "sha512-LXYT42KJ7lpIKECr2mAXIaMldcNCh/7E0KBKOu4KSfkHmP+mZmSs+8V5gBAqisWBy0OO4W5Oyys0GO1Y8KtdKg==",
      "dependencies": {
        "graceful-fs": "^4.2.4",
        "tapable": "^2.2.0"
      },
      "engines": {
        "node": ">=10.13.0"
      }
    },
    "node_modules/entities": {
      "name": "@ponomarevlad/entities",
      "version": "4.5.0-browser-target-5",
      "resolved": "https://registry.npmjs.org/@ponomarevlad/entities/-/entities-4.5.0-browser-target-5.tgz",
      "integrity": "sha512-WcJ49beb0IonepghdvBez4d7lKAnTSUF2M5S6N1/x2V0YhU4WNOljvOxHoZR/UdMFK7HO4aatPDrFe5BNnRwvg==",
      "engines": {
        "node": ">=0.12"
      },
      "funding": {
        "url": "https://github.com/fb55/entities?sponsor=1"
      }
    },
    "node_modules/fetch-blob": {
      "version": "3.2.0",
      "resolved": "https://registry.npmjs.org/fetch-blob/-/fetch-blob-3.2.0.tgz",
      "integrity": "sha512-7yAQpD2UMJzLi1Dqv7qFYnPbaPx7ZfFK6PiIxQ4PfkGPyNyl2Ugx+a/umUonmKqjhM4DnfbMvdX6otXq83soQQ==",
      "funding": [
        {
          "type": "github",
          "url": "https://github.com/sponsors/jimmywarting"
        },
        {
          "type": "paypal",
          "url": "https://paypal.me/jimmywarting"
        }
      ],
      "dependencies": {
        "node-domexception": "^1.0.0",
        "web-streams-polyfill": "^3.0.3"
      },
      "engines": {
        "node": "^12.20 || >= 14.13"
      }
    },
    "node_modules/formdata-polyfill": {
      "version": "4.0.10",
      "resolved": "https://registry.npmjs.org/formdata-polyfill/-/formdata-polyfill-4.0.10.tgz",
      "integrity": "sha512-buewHzMvYL29jdeQTVILecSaZKnt/RJWjoZCF5OW60Z67/GmSLBkOFM7qh1PI3zFNtJbaZL5eQu1vLfazOwj4g==",
      "dependencies": {
        "fetch-blob": "^3.1.2"
      },
      "engines": {
        "node": ">=12.20.0"
      }
    },
    "node_modules/graceful-fs": {
      "version": "4.2.11",
      "resolved": "https://registry.npmjs.org/graceful-fs/-/graceful-fs-4.2.11.tgz",
      "integrity": "sha512-RbJ5/jmFcNNCcDV5o9eTnBLJ/HszWV0P73bc+Ff4nS/rJj+YaS6IGyiOL0VoBYX+l1Wrl3k63h/KrH+nhJ0XvQ=="
    },
    "node_modules/lit": {
      "name": "@ponomarevlad/lit",
      "version": "2.8.0-merge-4",
      "resolved": "https://registry.npmjs.org/@ponomarevlad/lit/-/lit-2.8.0-merge-4.tgz",
      "integrity": "sha512-OqrA1/4zhPtiUQJY6/QiwBrsUWSND8wpEPzSs0FEKRV09JWKYhfYT8fYwGX+F46/psM0biuaFkm0UoGD0CNemg==",
      "dependencies": {
        "@lit/reactive-element": "^1.6.0",
        "lit-element": "^3.3.0",
        "lit-html": "^2.8.0"
      }
    },
    "node_modules/lit-element": {
      "name": "@ponomarevlad/lit-element",
      "version": "3.3.3-merge-4",
      "resolved": "https://registry.npmjs.org/@ponomarevlad/lit-element/-/lit-element-3.3.3-merge-4.tgz",
      "integrity": "sha512-tx4jAq3OaB7YKTUwtT2aXj+If2ROfI8TssetRz5w+dffFonVrbT00Uba7DWFjivyCueDTynrrL+cqBlgYDVYyQ==",
      "dependencies": {
        "@lit-labs/ssr-dom-shim": "^1.1.0",
        "@lit/reactive-element": "^1.3.0",
        "lit-html": "^2.8.0"
      }
    },
    "node_modules/lit-html": {
      "name": "@ponomarevlad/lit-html",
      "version": "2.8.0-merge-4",
      "resolved": "https://registry.npmjs.org/@ponomarevlad/lit-html/-/lit-html-2.8.0-merge-4.tgz",
      "integrity": "sha512-q99I4TcMjv6V3gBVJzdcr1Z2lI0HNoc8Q6Y2Kc33mgaiER7QIqwgcmo+jE2aeqIiI90TQTRqIBEU/RjTsNMN9A==",
      "dependencies": {
        "@types/trusted-types": "^2.0.2"
      }
    },
    "node_modules/node-domexception": {
      "version": "1.0.0",
      "resolved": "https://registry.npmjs.org/node-domexception/-/node-domexception-1.0.0.tgz",
      "integrity": "sha512-/jKZoMpw0F8GRwl4/eLROPA3cfcXtLApP0QzLmUT/HuPCZWyB7IY9ZrMeKw2O/nFIqPQB3PVM9aYm0F312AXDQ==",
      "funding": [
        {
          "type": "github",
          "url": "https://github.com/sponsors/jimmywarting"
        },
        {
          "type": "github",
          "url": "https://paypal.me/jimmywarting"
        }
      ],
      "engines": {
        "node": ">=10.5.0"
      }
    },
    "node_modules/node-fetch": {
      "version": "3.3.2",
      "resolved": "https://registry.npmjs.org/node-fetch/-/node-fetch-3.3.2.tgz",
      "integrity": "sha512-dRB78srN/l6gqWulah9SrxeYnxeddIG30+GOqK/9OlLVyLg3HPnr6SqOWTWOXKRwC2eGYCkZ59NNuSgvSrpgOA==",
      "dependencies": {
        "data-uri-to-buffer": "^4.0.0",
        "fetch-blob": "^3.1.4",
        "formdata-polyfill": "^4.0.10"
      },
      "engines": {
        "node": "^12.20.0 || ^14.13.1 || >=16.0.0"
      },
      "funding": {
        "type": "opencollective",
        "url": "https://opencollective.com/node-fetch"
      }
    },
    "node_modules/parse5": {
      "version": "7.1.2",
      "resolved": "https://registry.npmjs.org/parse5/-/parse5-7.1.2.tgz",
      "integrity": "sha512-Czj1WaSVpaoj0wbhMzLmWD69anp2WH7FXMB9n1Sy8/ZFF9jolSQVMu1Ij5WIyGmcBmhk7EOndpO4mIpihVqAXw==",
      "dependencies": {
        "entities": "^4.4.0"
      },
      "funding": {
        "url": "https://github.com/inikulin/parse5?sponsor=1"
      }
    },
    "node_modules/tapable": {
      "version": "2.2.1",
      "resolved": "https://registry.npmjs.org/tapable/-/tapable-2.2.1.tgz",
      "integrity": "sha512-GNzQvQTOIP6RyTfE2Qxb8ZVlNmw0n88vp1szwWRimP02mnTsx3Wtn5qRdqY9w2XduFNUgvOwhNnQsjwCp+kqaQ==",
      "engines": {
        "node": ">=6"
      }
    },
    "node_modules/web-streams-polyfill": {
      "version": "3.2.1",
      "resolved": "https://registry.npmjs.org/web-streams-polyfill/-/web-streams-polyfill-3.2.1.tgz",
      "integrity": "sha512-e0MO3wdXWKrLbL0DgGnUV7WHVuw9OUvL4hjgnPkIeEvESk74gAITi5G606JtZPp39cd8HA9VQzCIvA49LpPN5Q==",
      "engines": {
        "node": ">= 8"
      }
    }
  },
  "dependencies": {
    "@lit-labs/context": {
      "version": "npm:@ponomarevlad/lit-labs-context@0.3.3-merge-4",
      "resolved": "https://registry.npmjs.org/@ponomarevlad/lit-labs-context/-/lit-labs-context-0.3.3-merge-4.tgz",
      "integrity": "sha512-S53Zbo6zk8ryAeVhVZw/shSqyQGpH3s73T68fRgC1jUA3AYr/RX2ITK+kOIdoqJq6v/97BbeaxgKdaVJG0y0jg==",
      "requires": {
        "@lit-labs/ssr-dom-shim": "npm:@ponomarevlad/lit-labs-ssr-dom-shim@1.1.1-merge-4",
        "@lit/reactive-element": "npm:@ponomarevlad/reactive-element@1.6.3-merge-4",
        "lit": "npm:@ponomarevlad/lit@2.8.0-merge-4"
      }
    },
    "@lit-labs/ssr": {
      "version": "npm:@ponomarevlad/lit-labs-ssr@3.1.5-merge-4",
      "resolved": "https://registry.npmjs.org/@ponomarevlad/lit-labs-ssr/-/lit-labs-ssr-3.1.5-merge-4.tgz",
      "integrity": "sha512-WVQJ/ppXOqXgEYGbZXZyubMpBSU2da5dQlStJ47u//T7WGhs4LJhRkSHluOFblA+Hf2IvuItFpnhSXn+0T2eyQ==",
      "requires": {
        "@lit-labs/ssr-client": "npm:@ponomarevlad/lit-labs-ssr-client@1.1.3-merge-4",
        "@lit-labs/ssr-dom-shim": "npm:@ponomarevlad/lit-labs-ssr-dom-shim@1.1.1-merge-4",
        "@lit/reactive-element": "npm:@ponomarevlad/reactive-element@1.6.3-merge-4",
        "@parse5/tools": "^0.1.0",
        "@types/node": "^16.0.0",
        "enhanced-resolve": "^5.10.0",
        "lit": "npm:@ponomarevlad/lit@2.8.0-merge-4",
        "lit-element": "npm:@ponomarevlad/lit-element@3.3.3-merge-4",
        "lit-html": "npm:@ponomarevlad/lit-html@2.8.0-merge-4",
        "node-fetch": "^3.2.8",
        "parse5": "^7.1.1"
      }
    },
    "@lit-labs/ssr-client": {
      "version": "npm:@ponomarevlad/lit-labs-ssr-client@1.1.3-merge-4",
      "resolved": "https://registry.npmjs.org/@ponomarevlad/lit-labs-ssr-client/-/lit-labs-ssr-client-1.1.3-merge-4.tgz",
      "integrity": "sha512-ElQ2uirYLWIK0e4AmqoXyFtfGt405uz1o+KZDhDvOhtPa1BaReRP9KDRrzdLn34B3PfCGwF+O5j/KCmTLQQn7w==",
      "requires": {
        "@lit/reactive-element": "npm:@ponomarevlad/reactive-element@1.6.3-merge-4",
        "lit": "npm:@ponomarevlad/lit@2.8.0-merge-4",
        "lit-html": "npm:@ponomarevlad/lit-html@2.8.0-merge-4"
      }
    },
    "@lit-labs/ssr-dom-shim": {
      "version": "npm:@ponomarevlad/lit-labs-ssr-dom-shim@1.1.1-merge-4",
      "resolved": "https://registry.npmjs.org/@ponomarevlad/lit-labs-ssr-dom-shim/-/lit-labs-ssr-dom-shim-1.1.1-merge-4.tgz",
      "integrity": "sha512-XFHMZ7kRTcfdnxjvxALGaBC5gjbb+O7Y2DHAcSCIrOZLV6DFZrFIwwkCZE0b82fLNcnkOXdXBZ1aZVWXij0b5Q=="
    },
    "@lit/reactive-element": {
      "version": "npm:@ponomarevlad/reactive-element@1.6.3-merge-4",
      "resolved": "https://registry.npmjs.org/@ponomarevlad/reactive-element/-/reactive-element-1.6.3-merge-4.tgz",
      "integrity": "sha512-O430/jbAGOmDfyFU56pKJqvbU/k4BJoivW4WfR/SsV+Zl+wTJmjNwUFvlLUVFybdmhWbb6Hl4qjrDJKWJgVWaA==",
      "requires": {
        "@lit-labs/ssr-dom-shim": "npm:@ponomarevlad/lit-labs-ssr-dom-shim@1.1.1-merge-4"
      }
    },
    "@parse5/tools": {
      "version": "0.1.0",
      "resolved": "https://registry.npmjs.org/@parse5/tools/-/tools-0.1.0.tgz",
      "integrity": "sha512-VB9+4BsFoS+4HdB/Ph9jD4FHQt7GyiWESVNfBSh8Eu54LujWyy+NySGLjg8GZFWSZcESG72F67LjgmKZDZCvPg==",
      "requires": {
        "parse5": "^7.0.0"
      }
    },
    "@types/node": {
      "version": "16.18.40",
      "resolved": "https://registry.npmjs.org/@types/node/-/node-16.18.40.tgz",
      "integrity": "sha512-+yno3ItTEwGxXiS/75Q/aHaa5srkpnJaH+kdkTVJ3DtJEwv92itpKbxU+FjPoh2m/5G9zmUQfrL4A4C13c+iGA=="
    },
    "@types/trusted-types": {
      "version": "2.0.3",
      "resolved": "https://registry.npmjs.org/@types/trusted-types/-/trusted-types-2.0.3.tgz",
      "integrity": "sha512-NfQ4gyz38SL8sDNrSixxU2Os1a5xcdFxipAFxYEuLUlvU2uDwS4NUpsImcf1//SlWItCVMMLiylsxbmNMToV/g=="
    },
    "@web-types/lit": {
      "version": "2.0.0-3",
      "resolved": "https://registry.npmjs.org/@web-types/lit/-/lit-2.0.0-3.tgz",
      "integrity": "sha512-vZG6zfQ8+gM5Qsv0D5k9X8f/cBqk3y8qhgy0y5g+or+hi3PH6UNNMBMd6QRrlBZUoXCXR/cpVvfPTDj9w5FlwQ==",
      "dev": true
    },
    "data-uri-to-buffer": {
      "version": "4.0.1",
      "resolved": "https://registry.npmjs.org/data-uri-to-buffer/-/data-uri-to-buffer-4.0.1.tgz",
      "integrity": "sha512-0R9ikRb668HB7QDxT1vkpuUBtqc53YyAwMwGeUFKRojY/NWKvdZ+9UYtRfGmhqNbRkTSVpMbmyhXipFFv2cb/A=="
    },
    "enhanced-resolve": {
      "version": "5.15.0",
      "resolved": "https://registry.npmjs.org/enhanced-resolve/-/enhanced-resolve-5.15.0.tgz",
      "integrity": "sha512-LXYT42KJ7lpIKECr2mAXIaMldcNCh/7E0KBKOu4KSfkHmP+mZmSs+8V5gBAqisWBy0OO4W5Oyys0GO1Y8KtdKg==",
      "requires": {
        "graceful-fs": "^4.2.4",
        "tapable": "^2.2.0"
      }
    },
    "entities": {
      "version": "npm:@ponomarevlad/entities@4.5.0-browser-target-5",
      "resolved": "https://registry.npmjs.org/@ponomarevlad/entities/-/entities-4.5.0-browser-target-5.tgz",
      "integrity": "sha512-WcJ49beb0IonepghdvBez4d7lKAnTSUF2M5S6N1/x2V0YhU4WNOljvOxHoZR/UdMFK7HO4aatPDrFe5BNnRwvg=="
    },
    "fetch-blob": {
      "version": "3.2.0",
      "resolved": "https://registry.npmjs.org/fetch-blob/-/fetch-blob-3.2.0.tgz",
      "integrity": "sha512-7yAQpD2UMJzLi1Dqv7qFYnPbaPx7ZfFK6PiIxQ4PfkGPyNyl2Ugx+a/umUonmKqjhM4DnfbMvdX6otXq83soQQ==",
      "requires": {
        "node-domexception": "^1.0.0",
        "web-streams-polyfill": "^3.0.3"
      }
    },
    "formdata-polyfill": {
      "version": "4.0.10",
      "resolved": "https://registry.npmjs.org/formdata-polyfill/-/formdata-polyfill-4.0.10.tgz",
      "integrity": "sha512-buewHzMvYL29jdeQTVILecSaZKnt/RJWjoZCF5OW60Z67/GmSLBkOFM7qh1PI3zFNtJbaZL5eQu1vLfazOwj4g==",
      "requires": {
        "fetch-blob": "^3.1.2"
      }
    },
    "graceful-fs": {
      "version": "4.2.11",
      "resolved": "https://registry.npmjs.org/graceful-fs/-/graceful-fs-4.2.11.tgz",
      "integrity": "sha512-RbJ5/jmFcNNCcDV5o9eTnBLJ/HszWV0P73bc+Ff4nS/rJj+YaS6IGyiOL0VoBYX+l1Wrl3k63h/KrH+nhJ0XvQ=="
    },
    "lit": {
      "version": "npm:@ponomarevlad/lit@2.8.0-merge-4",
      "resolved": "https://registry.npmjs.org/@ponomarevlad/lit/-/lit-2.8.0-merge-4.tgz",
      "integrity": "sha512-OqrA1/4zhPtiUQJY6/QiwBrsUWSND8wpEPzSs0FEKRV09JWKYhfYT8fYwGX+F46/psM0biuaFkm0UoGD0CNemg==",
      "requires": {
        "@lit/reactive-element": "npm:@ponomarevlad/reactive-element@1.6.3-merge-4",
        "lit-element": "npm:@ponomarevlad/lit-element@3.3.3-merge-4",
        "lit-html": "npm:@ponomarevlad/lit-html@2.8.0-merge-4"
      }
    },
    "lit-element": {
      "version": "npm:@ponomarevlad/lit-element@3.3.3-merge-4",
      "resolved": "https://registry.npmjs.org/@ponomarevlad/lit-element/-/lit-element-3.3.3-merge-4.tgz",
      "integrity": "sha512-tx4jAq3OaB7YKTUwtT2aXj+If2ROfI8TssetRz5w+dffFonVrbT00Uba7DWFjivyCueDTynrrL+cqBlgYDVYyQ==",
      "requires": {
        "@lit-labs/ssr-dom-shim": "npm:@ponomarevlad/lit-labs-ssr-dom-shim@1.1.1-merge-4",
        "@lit/reactive-element": "npm:@ponomarevlad/reactive-element@1.6.3-merge-4",
        "lit-html": "npm:@ponomarevlad/lit-html@2.8.0-merge-4"
      }
    },
    "lit-html": {
      "version": "npm:@ponomarevlad/lit-html@2.8.0-merge-4",
      "resolved": "https://registry.npmjs.org/@ponomarevlad/lit-html/-/lit-html-2.8.0-merge-4.tgz",
      "integrity": "sha512-q99I4TcMjv6V3gBVJzdcr1Z2lI0HNoc8Q6Y2Kc33mgaiER7QIqwgcmo+jE2aeqIiI90TQTRqIBEU/RjTsNMN9A==",
      "requires": {
        "@types/trusted-types": "^2.0.2"
      }
    },
    "node-domexception": {
      "version": "1.0.0",
      "resolved": "https://registry.npmjs.org/node-domexception/-/node-domexception-1.0.0.tgz",
      "integrity": "sha512-/jKZoMpw0F8GRwl4/eLROPA3cfcXtLApP0QzLmUT/HuPCZWyB7IY9ZrMeKw2O/nFIqPQB3PVM9aYm0F312AXDQ=="
    },
    "node-fetch": {
      "version": "3.3.2",
      "resolved": "https://registry.npmjs.org/node-fetch/-/node-fetch-3.3.2.tgz",
      "integrity": "sha512-dRB78srN/l6gqWulah9SrxeYnxeddIG30+GOqK/9OlLVyLg3HPnr6SqOWTWOXKRwC2eGYCkZ59NNuSgvSrpgOA==",
      "requires": {
        "data-uri-to-buffer": "^4.0.0",
        "fetch-blob": "^3.1.4",
        "formdata-polyfill": "^4.0.10"
      }
    },
    "parse5": {
      "version": "7.1.2",
      "resolved": "https://registry.npmjs.org/parse5/-/parse5-7.1.2.tgz",
      "integrity": "sha512-Czj1WaSVpaoj0wbhMzLmWD69anp2WH7FXMB9n1Sy8/ZFF9jolSQVMu1Ij5WIyGmcBmhk7EOndpO4mIpihVqAXw==",
      "requires": {
        "entities": "npm:@ponomarevlad/entities@4.5.0-browser-target-5"
      }
    },
    "tapable": {
      "version": "2.2.1",
      "resolved": "https://registry.npmjs.org/tapable/-/tapable-2.2.1.tgz",
      "integrity": "sha512-GNzQvQTOIP6RyTfE2Qxb8ZVlNmw0n88vp1szwWRimP02mnTsx3Wtn5qRdqY9w2XduFNUgvOwhNnQsjwCp+kqaQ=="
    },
    "web-streams-polyfill": {
      "version": "3.2.1",
      "resolved": "https://registry.npmjs.org/web-streams-polyfill/-/web-streams-polyfill-3.2.1.tgz",
      "integrity": "sha512-e0MO3wdXWKrLbL0DgGnUV7WHVuw9OUvL4hjgnPkIeEvESk74gAITi5G606JtZPp39cd8HA9VQzCIvA49LpPN5Q=="
    }
  }
}
