{
  "name": "lit-ssr-examples",
  "lockfileVersion": 3,
  "requires": true,
  "packages": {
    "": {
      "name": "lit-ssr-examples",
      "dependencies": {
        "@lit-labs/ssr": "npm:@ponomarevlad/lit-labs-ssr@3.2.0-wintercg-exports-npm-5",
        "@lit/context": "npm:@ponomarevlad/lit-context@1.1.0-wintercg-exports-npm-5",
        "lit": "npm:@ponomarevlad/lit@3.1.0-wintercg-exports-npm-5"
      },
      "devDependencies": {
        "@web-types/lit": "^2.0.0-3"
      }
    },
    "node_modules/@lit-labs/ssr": {
      "name": "@ponomarevlad/lit-labs-ssr",
      "version": "3.2.0-wintercg-exports-npm-5",
      "resolved": "https://registry.npmjs.org/@ponomarevlad/lit-labs-ssr/-/lit-labs-ssr-3.2.0-wintercg-exports-npm-5.tgz",
      "integrity": "sha512-wUA5wzFkxUDBnZeXxG417zbR91+8yYC2UaRyAXma6BoF92bzPkYZMwiIIRRfIp8oV6BQKAOjSLfrmpXyvduySQ==",
      "dependencies": {
        "@lit-labs/ssr-client": "^1.1.4",
        "@lit-labs/ssr-dom-shim": "^1.1.2",
        "@lit/reactive-element": "^1.6.1 || ^2.0.0",
        "@parse5/tools": "^0.3.0",
        "@types/node": "^16.0.0",
        "enhanced-resolve": "^5.10.0",
        "lit": "^3.1.0",
        "lit-element": "^3.3.0 || ^4.0.0",
        "lit-html": "^3.1.0",
        "node-fetch": "^3.2.8",
        "parse5": "^7.1.1"
      },
      "engines": {
        "node": ">=13.9.0"
      }
    },
    "node_modules/@lit-labs/ssr-client": {
      "name": "@ponomarevlad/lit-labs-ssr-client",
      "version": "1.1.5-wintercg-exports-npm-5",
      "resolved": "https://registry.npmjs.org/@ponomarevlad/lit-labs-ssr-client/-/lit-labs-ssr-client-1.1.5-wintercg-exports-npm-5.tgz",
      "integrity": "sha512-LQbinDQKutDsrczVF6JSwYCar0o+h4wh/4bHED3yRcA11GhOc62kqBieU7E2ulWThwUlqUvOHsly6gdZn2XXdQ==",
      "dependencies": {
        "@lit/reactive-element": "^1.6.1 || ^2.0.0",
        "lit": "^2.7.0 || ^3.0.0",
        "lit-html": "^2.7.0 || ^3.0.0"
      }
    },
    "node_modules/@lit-labs/ssr-dom-shim": {
      "name": "@ponomarevlad/lit-labs-ssr-dom-shim",
      "version": "1.1.2-wintercg-exports-npm-5",
      "resolved": "https://registry.npmjs.org/@ponomarevlad/lit-labs-ssr-dom-shim/-/lit-labs-ssr-dom-shim-1.1.2-wintercg-exports-npm-5.tgz",
      "integrity": "sha512-KmehzHc9rTQmu0kKKbjBp2uf4cMtrMzW6ldvG4SM0I3WEEQA//ldlJiqMLjAe3dclbdxLP4QFKcnoB21bMh1/w=="
    },
    "node_modules/@lit/context": {
      "name": "@ponomarevlad/lit-context",
      "version": "1.1.0-wintercg-exports-npm-5",
      "resolved": "https://registry.npmjs.org/@ponomarevlad/lit-context/-/lit-context-1.1.0-wintercg-exports-npm-5.tgz",
      "integrity": "sha512-07Ma4rQNJ58rHkjrrWO97aHhXMNKbm5X8o+I2ObuG7AMrtgU9CpjyEg0e4/oicM9tS8cBbDwzZKSgZkA9wAsNg==",
      "dependencies": {
        "@lit/reactive-element": "^1.6.2 || ^2.0.0"
      }
    },
    "node_modules/@lit/reactive-element": {
      "name": "@ponomarevlad/reactive-element",
      "version": "2.0.2-wintercg-exports-npm-5",
      "resolved": "https://registry.npmjs.org/@ponomarevlad/reactive-element/-/reactive-element-2.0.2-wintercg-exports-npm-5.tgz",
      "integrity": "sha512-8rXGHVYRuaXjuXOHC/c5uHy1HVU+OGm7X+WlEJp4xvszcjQ7bg8RBjen0eyjw+mewDxkyhC2psDbZdjZHX4TGw==",
      "dependencies": {
        "@lit-labs/ssr-dom-shim": "^1.1.2"
      }
    },
    "node_modules/@parse5/tools": {
      "version": "0.3.0",
      "resolved": "https://registry.npmjs.org/@parse5/tools/-/tools-0.3.0.tgz",
      "integrity": "sha512-zxRyTHkqb7WQMV8kTNBKWb1BeOFUKXBXTBWuxg9H9hfvQB3IwP6Iw2U75Ia5eyRxPNltmY7E8YAlz6zWwUnjKg==",
      "dependencies": {
        "parse5": "^7.0.0"
      }
    },
    "node_modules/@types/node": {
      "version": "16.18.65",
      "resolved": "https://registry.npmjs.org/@types/node/-/node-16.18.65.tgz",
      "integrity": "sha512-5E9WgTy95B7i90oISjui9U5Zu7iExUPfU4ygtv4yXEy6zJFE3oQYHCnh5H1jZRPkjphJt2Ml3oQW6M0qtK534A=="
    },
    "node_modules/@types/trusted-types": {
      "version": "2.0.7",
      "resolved": "https://registry.npmjs.org/@types/trusted-types/-/trusted-types-2.0.7.tgz",
      "integrity": "sha512-ScaPdn1dQczgbl0QFTeTOmVHFULt394XJgOQNoyVhZ6r2vLnMLJfBPd53SB52T/3G36VI1/g2MZaX0cwDuXsfw=="
    },
    "node_modules/@web-types/lit": {
      "version": "2.0.0-3",
      "resolved": "https://registry.npmjs.org/@web-types/lit/-/lit-2.0.0-3.tgz",
      "integrity": "sha512-vZG6zfQ8+gM5Qsv0D5k9X8f/cBqk3y8qhgy0y5g+or+hi3PH6UNNMBMd6QRrlBZUoXCXR/cpVvfPTDj9w5FlwQ==",
      "dev": true
    },
    "node_modules/data-uri-to-buffer": {
      "version": "4.0.1",
      "resolved": "https://registry.npmjs.org/data-uri-to-buffer/-/data-uri-to-buffer-4.0.1.tgz",
      "integrity": "sha512-0R9ikRb668HB7QDxT1vkpuUBtqc53YyAwMwGeUFKRojY/NWKvdZ+9UYtRfGmhqNbRkTSVpMbmyhXipFFv2cb/A==",
      "engines": {
        "node": ">= 12"
      }
    },
    "node_modules/enhanced-resolve": {
      "version": "5.15.0",
      "resolved": "https://registry.npmjs.org/enhanced-resolve/-/enhanced-resolve-5.15.0.tgz",
      "integrity": "sha512-LXYT42KJ7lpIKECr2mAXIaMldcNCh/7E0KBKOu4KSfkHmP+mZmSs+8V5gBAqisWBy0OO4W5Oyys0GO1Y8KtdKg==",
      "dependencies": {
        "graceful-fs": "^4.2.4",
        "tapable": "^2.2.0"
      },
      "engines": {
        "node": ">=10.13.0"
      }
    },
    "node_modules/entities": {
      "name": "@ponomarevlad/entities",
      "version": "4.5.0-browser-target-5",
      "resolved": "https://registry.npmjs.org/@ponomarevlad/entities/-/entities-4.5.0-browser-target-5.tgz",
      "integrity": "sha512-WcJ49beb0IonepghdvBez4d7lKAnTSUF2M5S6N1/x2V0YhU4WNOljvOxHoZR/UdMFK7HO4aatPDrFe5BNnRwvg==",
      "engines": {
        "node": ">=0.12"
      },
      "funding": {
        "url": "https://github.com/fb55/entities?sponsor=1"
      }
    },
    "node_modules/fetch-blob": {
      "version": "3.2.0",
      "resolved": "https://registry.npmjs.org/fetch-blob/-/fetch-blob-3.2.0.tgz",
      "integrity": "sha512-7yAQpD2UMJzLi1Dqv7qFYnPbaPx7ZfFK6PiIxQ4PfkGPyNyl2Ugx+a/umUonmKqjhM4DnfbMvdX6otXq83soQQ==",
      "funding": [
        {
          "type": "github",
          "url": "https://github.com/sponsors/jimmywarting"
        },
        {
          "type": "paypal",
          "url": "https://paypal.me/jimmywarting"
        }
      ],
      "dependencies": {
        "node-domexception": "^1.0.0",
        "web-streams-polyfill": "^3.0.3"
      },
      "engines": {
        "node": "^12.20 || >= 14.13"
      }
    },
    "node_modules/formdata-polyfill": {
      "version": "4.0.10",
      "resolved": "https://registry.npmjs.org/formdata-polyfill/-/formdata-polyfill-4.0.10.tgz",
      "integrity": "sha512-buewHzMvYL29jdeQTVILecSaZKnt/RJWjoZCF5OW60Z67/GmSLBkOFM7qh1PI3zFNtJbaZL5eQu1vLfazOwj4g==",
      "dependencies": {
        "fetch-blob": "^3.1.2"
      },
      "engines": {
        "node": ">=12.20.0"
      }
    },
    "node_modules/graceful-fs": {
      "version": "4.2.11",
      "resolved": "https://registry.npmjs.org/graceful-fs/-/graceful-fs-4.2.11.tgz",
      "integrity": "sha512-RbJ5/jmFcNNCcDV5o9eTnBLJ/HszWV0P73bc+Ff4nS/rJj+YaS6IGyiOL0VoBYX+l1Wrl3k63h/KrH+nhJ0XvQ=="
    },
    "node_modules/lit": {
      "name": "@ponomarevlad/lit",
      "version": "3.1.0-wintercg-exports-npm-5",
      "resolved": "https://registry.npmjs.org/@ponomarevlad/lit/-/lit-3.1.0-wintercg-exports-npm-5.tgz",
      "integrity": "sha512-3iQscEfasiIuOaa/KXjMM6U9T2dD4X8/QeN5WvTYIaM9vu6HX8Ocum9V5WA//Z8SqeJn4GTcMrDaCoqJjj31VA==",
      "dependencies": {
        "@lit/reactive-element": "^2.0.0",
        "lit-element": "^4.0.0",
        "lit-html": "^3.1.0"
      }
    },
    "node_modules/lit-element": {
      "name": "@ponomarevlad/lit-element",
      "version": "4.0.2-wintercg-exports-npm-5",
      "resolved": "https://registry.npmjs.org/@ponomarevlad/lit-element/-/lit-element-4.0.2-wintercg-exports-npm-5.tgz",
      "integrity": "sha512-Ywqim4f0zISYoODEP6uhiWCDBbtqLlWU6DPwLUAqRIgg/tDT1HVfA3pseeo/xEvNoq6hRpAtEvTzmZqVmPGdBw==",
      "dependencies": {
        "@lit-labs/ssr-dom-shim": "^1.1.2",
        "@lit/reactive-element": "^2.0.0",
        "lit-html": "^3.1.0"
      }
    },
    "node_modules/lit-html": {
      "name": "@ponomarevlad/lit-html",
      "version": "3.1.0-wintercg-exports-npm-5",
      "resolved": "https://registry.npmjs.org/@ponomarevlad/lit-html/-/lit-html-3.1.0-wintercg-exports-npm-5.tgz",
      "integrity": "sha512-1zXU7vqfNBWynjBhIGVA+RcOX1cUi5U2fDboVUyoiFSN8UjJIhphNk0qfhYtqQ4zOHGiAYm2I5SuFj7iPiGTmA==",
      "dependencies": {
        "@types/trusted-types": "^2.0.2"
      }
    },
    "node_modules/node-domexception": {
      "version": "1.0.0",
      "resolved": "https://registry.npmjs.org/node-domexception/-/node-domexception-1.0.0.tgz",
      "integrity": "sha512-/jKZoMpw0F8GRwl4/eLROPA3cfcXtLApP0QzLmUT/HuPCZWyB7IY9ZrMeKw2O/nFIqPQB3PVM9aYm0F312AXDQ==",
      "funding": [
        {
          "type": "github",
          "url": "https://github.com/sponsors/jimmywarting"
        },
        {
          "type": "github",
          "url": "https://paypal.me/jimmywarting"
        }
      ],
      "engines": {
        "node": ">=10.5.0"
      }
    },
    "node_modules/node-fetch": {
      "version": "3.3.2",
      "resolved": "https://registry.npmjs.org/node-fetch/-/node-fetch-3.3.2.tgz",
      "integrity": "sha512-dRB78srN/l6gqWulah9SrxeYnxeddIG30+GOqK/9OlLVyLg3HPnr6SqOWTWOXKRwC2eGYCkZ59NNuSgvSrpgOA==",
      "dependencies": {
        "data-uri-to-buffer": "^4.0.0",
        "fetch-blob": "^3.1.4",
        "formdata-polyfill": "^4.0.10"
      },
      "engines": {
        "node": "^12.20.0 || ^14.13.1 || >=16.0.0"
      },
      "funding": {
        "type": "opencollective",
        "url": "https://opencollective.com/node-fetch"
      }
    },
    "node_modules/parse5": {
      "version": "7.1.2",
      "resolved": "https://registry.npmjs.org/parse5/-/parse5-7.1.2.tgz",
      "integrity": "sha512-Czj1WaSVpaoj0wbhMzLmWD69anp2WH7FXMB9n1Sy8/ZFF9jolSQVMu1Ij5WIyGmcBmhk7EOndpO4mIpihVqAXw==",
      "dependencies": {
        "entities": "^4.4.0"
      },
      "funding": {
        "url": "https://github.com/inikulin/parse5?sponsor=1"
      }
    },
    "node_modules/tapable": {
      "version": "2.2.1",
      "resolved": "https://registry.npmjs.org/tapable/-/tapable-2.2.1.tgz",
      "integrity": "sha512-GNzQvQTOIP6RyTfE2Qxb8ZVlNmw0n88vp1szwWRimP02mnTsx3Wtn5qRdqY9w2XduFNUgvOwhNnQsjwCp+kqaQ==",
      "engines": {
        "node": ">=6"
      }
    },
    "node_modules/web-streams-polyfill": {
      "version": "3.2.1",
      "resolved": "https://registry.npmjs.org/web-streams-polyfill/-/web-streams-polyfill-3.2.1.tgz",
      "integrity": "sha512-e0MO3wdXWKrLbL0DgGnUV7WHVuw9OUvL4hjgnPkIeEvESk74gAITi5G606JtZPp39cd8HA9VQzCIvA49LpPN5Q==",
      "engines": {
        "node": ">= 8"
      }
    }
  }
}
